
Microsoft Visual Studio Solution File, Format Version 12.00
# Visual Studio 15
VisualStudioVersion = 15.0.28307.168
MinimumVisualStudioVersion = 10.0.40219.1
Project("{FAE04EC0-301F-11D3-BF4B-00C04F79EFBC}") = "HouseOfCoffeeProj", "HouseOfCoffeeProj\HouseOfCoffeeProj.csproj", "{F67CEB89-905B-4607-9612-5F13F9AA27A6}"
EndProject
Project("{FAE04EC0-301F-11D3-BF4B-00C04F79EFBC}") = "CoffeeHouseLibrary", "CoffeeHouseLibrary\CoffeeHouseLibrary.csproj", "{B6CAF429-5AA4-4279-B737-F99D3A9404F8}"
EndProject
Global
	GlobalSection(SolutionConfigurationPlatforms) = preSolution
		Debug|Any CPU = Debug|Any CPU
		Release|Any CPU = Release|Any CPU
	EndGlobalSection
	GlobalSection(ProjectConfigurationPlatforms) = postSolution
		{F67CEB89-905B-4607-9612-5F13F9AA27A6}.Debug|Any CPU.ActiveCfg = Debug|Any CPU
		{F67CEB89-905B-4607-9612-5F13F9AA27A6}.Debug|Any CPU.Build.0 = Debug|Any CPU
		{F67CEB89-905B-4607-9612-5F13F9AA27A6}.Release|Any CPU.ActiveCfg = Release|Any CPU
		{F67CEB89-905B-4607-9612-5F13F9AA27A6}.Release|Any CPU.Build.0 = Release|Any CPU
		{B6CAF429-5AA4-4279-B737-F99D3A9404F8}.Debug|Any CPU.ActiveCfg = Debug|Any CPU
		{B6CAF429-5AA4-4279-B737-F99D3A9404F8}.Debug|Any CPU.Build.0 = Debug|Any CPU
		{B6CAF429-5AA4-4279-B737-F99D3A9404F8}.Release|Any CPU.ActiveCfg = Release|Any CPU
		{B6CAF429-5AA4-4279-B737-F99D3A9404F8}.Release|Any CPU.Build.0 = Release|Any CPU
	EndGlobalSection
	GlobalSection(SolutionProperties) = preSolution
		HideSolutionNode = FALSE
	EndGlobalSection
	GlobalSection(ExtensibilityGlobals) = postSolution
		SolutionGuid = {A2AA20ED-6FBF-4DB1-8E8A-70BF0FF03669}
	EndGlobalSection
EndGlobal
